
Microsoft Visual Studio Solution File, Format Version 12.00
# Visual Studio Version 17
VisualStudioVersion = 17.0.31903.59
MinimumVisualStudioVersion = 10.0.40219.1
Project("{FAE04EC0-301F-11D3-BF4B-00C04F79EFBC}") = "10 WPF", "10 WPF\10 WPF.csproj", "{CC3A21DF-D551-4CDA-A919-BA8681816EA7}"
EndProject
Global
	GlobalSection(SolutionConfigurationPlatforms) = preSolution
		Debug|Any CPU = Debug|Any CPU
		Release|Any CPU = Release|Any CPU
	EndGlobalSection
	GlobalSection(ProjectConfigurationPlatforms) = postSolution
		{CC3A21DF-D551-4CDA-A919-BA8681816EA7}.Debug|Any CPU.ActiveCfg = Debug|Any CPU
		{CC3A21DF-D551-4CDA-A919-BA8681816EA7}.Debug|Any CPU.Build.0 = Debug|Any CPU
		{CC3A21DF-D551-4CDA-A919-BA8681816EA7}.Release|Any CPU.ActiveCfg = Release|Any CPU
		{CC3A21DF-D551-4CDA-A919-BA8681816EA7}.Release|Any CPU.Build.0 = Release|Any CPU
	EndGlobalSection
	GlobalSection(SolutionProperties) = preSolution
		HideSolutionNode = FALSE
	EndGlobalSection
	GlobalSection(ExtensibilityGlobals) = postSolution
		SolutionGuid = {FA652CB5-7EE7-41B6-B5E9-DF2C756F2844}
	EndGlobalSection
EndGlobal
